
Microsoft Visual Studio Solution File, Format Version 12.00
# Visual Studio Version 17
VisualStudioVersion = 17.6.33829.357
MinimumVisualStudioVersion = 10.0.40219.1
Project("{FAE04EC0-301F-11D3-BF4B-00C04F79EFBC}") = "ASM4", "ASM4.csproj", "{99084C29-075E-4969-B20B-49D198E336CC}"
EndProject
Global
	GlobalSection(SolutionConfigurationPlatforms) = preSolution
		Debug|Any CPU = Debug|Any CPU
		Release|Any CPU = Release|Any CPU
	EndGlobalSection
	GlobalSection(ProjectConfigurationPlatforms) = postSolution
		{99084C29-075E-4969-B20B-49D198E336CC}.Debug|Any CPU.ActiveCfg = Debug|Any CPU
		{99084C29-075E-4969-B20B-49D198E336CC}.Debug|Any CPU.Build.0 = Debug|Any CPU
		{99084C29-075E-4969-B20B-49D198E336CC}.Release|Any CPU.ActiveCfg = Release|Any CPU
		{99084C29-075E-4969-B20B-49D198E336CC}.Release|Any CPU.Build.0 = Release|Any CPU
	EndGlobalSection
	GlobalSection(SolutionProperties) = preSolution
		HideSolutionNode = FALSE
	EndGlobalSection
	GlobalSection(ExtensibilityGlobals) = postSolution
		SolutionGuid = {0294DF81-BCA4-4659-A09D-9CBAC5C77CAF}
	EndGlobalSection
EndGlobal
